// !$*UTF8*$!
{
	archiveVersion = 1;
	classes = {
	};
	objectVersion = 46;
	objects = {

/* Begin PBXBuildFile section */
		EF984E431C0DB7C200C9B506 /* main.m in Sources */ = {isa = PBXBuildFile; fileRef = EF984E421C0DB7C200C9B506 /* main.m */; };
		EF984E461C0DB7C200C9B506 /* SHOAppDelegate.m in Sources */ = {isa = PBXBuildFile; fileRef = EF984E451C0DB7C200C9B506 /* SHOAppDelegate.m */; };
		EF984E4E1C0DB7C200C9B506 /* Images.xcassets in Resources */ = {isa = PBXBuildFile; fileRef = EF984E4D1C0DB7C200C9B506 /* Images.xcassets */; };
		EF984E511C0DB7C200C9B506 /* LaunchScreen.xib in Resources */ = {isa = PBXBuildFile; fileRef = EF984E4F1C0DB7C200C9B506 /* LaunchScreen.xib */; };
		EFAC0C0D1C0DEB0100BFAF04 /* SHOViewController.m in Sources */ = {isa = PBXBuildFile; fileRef = EFAC0C0C1C0DEB0100BFAF04 /* SHOViewController.m */; };
		EFAC0C101C0DEC0800BFAF04 /* SHOSnakeView.m in Sources */ = {isa = PBXBuildFile; fileRef = EFAC0C0F1C0DEC0800BFAF04 /* SHOSnakeView.m */; };
		EFAC0C131C0DEC2A00BFAF04 /* SHOSnake.m in Sources */ = {isa = PBXBuildFile; fileRef = EFAC0C121C0DEC2A00BFAF04 /* SHOSnake.m */; };
		EFAC0C161C0F785B00BFAF04 /* SHOSnakePoint.m in Sources */ = {isa = PBXBuildFile; fileRef = EFAC0C151C0F785B00BFAF04 /* SHOSnakePoint.m */; };
		EFAC0C1A1C0F821100BFAF04 /* SHOSnakeBoardSize.m in Sources */ = {isa = PBXBuildFile; fileRef = EFAC0C191C0F821100BFAF04 /* SHOSnakeBoardSize.m */; };
		EFAC0C331C1048E000BFAF04 /* _51201_SnakeTests.m in Sources */ = {isa = PBXBuildFile; fileRef = EFAC0C321C1048E000BFAF04 /* _51201_SnakeTests.m */; };
/* End PBXBuildFile section */

/* Begin PBXContainerItemProxy section */
		EFAC0C341C1048E000BFAF04 /* PBXContainerItemProxy */ = {
			isa = PBXContainerItemProxy;
			containerPortal = EF984E351C0DB7C100C9B506 /* Project object */;
			proxyType = 1;
			remoteGlobalIDString = EF984E3C1C0DB7C100C9B506;
			remoteInfo = 151201_Snake;
		};
/* End PBXContainerItemProxy section */

/* Begin PBXFileReference section */
		EF984E3D1C0DB7C100C9B506 /* Snake.app */ = {isa = PBXFileReference; explicitFileType = wrapper.application; includeInIndex = 0; name = Snake.app; path = "/Users/shoshino21/Dropbox/@Coding/@GitHub/iOS-Prac/151201_Snake/build/Debug-iphoneos/Snake.app"; sourceTree = "<absolute>"; };
		EF984E411C0DB7C200C9B506 /* Info.plist */ = {isa = PBXFileReference; lastKnownFileType = text.plist.xml; path = Info.plist; sourceTree = "<group>"; };
		EF984E421C0DB7C200C9B506 /* main.m */ = {isa = PBXFileReference; lastKnownFileType = sourcecode.c.objc; path = main.m; sourceTree = "<group>"; };
		EF984E441C0DB7C200C9B506 /* SHOAppDelegate.h */ = {isa = PBXFileReference; lastKnownFileType = sourcecode.c.h; path = SHOAppDelegate.h; sourceTree = "<group>"; };
		EF984E451C0DB7C200C9B506 /* SHOAppDelegate.m */ = {isa = PBXFileReference; lastKnownFileType = sourcecode.c.objc; path = SHOAppDelegate.m; sourceTree = "<group>"; };
		EF984E4D1C0DB7C200C9B506 /* Images.xcassets */ = {isa = PBXFileReference; lastKnownFileType = folder.assetcatalog; path = Images.xcassets; sourceTree = "<group>"; };
		EF984E501C0DB7C200C9B506 /* Base */ = {isa = PBXFileReference; lastKnownFileType = file.xib; name = Base; path = Base.lproj/LaunchScreen.xib; sourceTree = "<group>"; };
		EFAC0C0B1C0DEB0100BFAF04 /* SHOViewController.h */ = {isa = PBXFileReference; fileEncoding = 4; lastKnownFileType = sourcecode.c.h; path = SHOViewController.h; sourceTree = "<group>"; };
		EFAC0C0C1C0DEB0100BFAF04 /* SHOViewController.m */ = {isa = PBXFileReference; fileEncoding = 4; lastKnownFileType = sourcecode.c.objc; path = SHOViewController.m; sourceTree = "<group>"; };
		EFAC0C0E1C0DEC0800BFAF04 /* SHOSnakeView.h */ = {isa = PBXFileReference; fileEncoding = 4; lastKnownFileType = sourcecode.c.h; path = SHOSnakeView.h; sourceTree = "<group>"; };
		EFAC0C0F1C0DEC0800BFAF04 /* SHOSnakeView.m */ = {isa = PBXFileReference; fileEncoding = 4; lastKnownFileType = sourcecode.c.objc; path = SHOSnakeView.m; sourceTree = "<group>"; };
		EFAC0C111C0DEC2A00BFAF04 /* SHOSnake.h */ = {isa = PBXFileReference; fileEncoding = 4; lastKnownFileType = sourcecode.c.h; path = SHOSnake.h; sourceTree = "<group>"; };
		EFAC0C121C0DEC2A00BFAF04 /* SHOSnake.m */ = {isa = PBXFileReference; fileEncoding = 4; lastKnownFileType = sourcecode.c.objc; path = SHOSnake.m; sourceTree = "<group>"; };
		EFAC0C141C0F785B00BFAF04 /* SHOSnakePoint.h */ = {isa = PBXFileReference; fileEncoding = 4; lastKnownFileType = sourcecode.c.h; path = SHOSnakePoint.h; sourceTree = "<group>"; };
		EFAC0C151C0F785B00BFAF04 /* SHOSnakePoint.m */ = {isa = PBXFileReference; fileEncoding = 4; lastKnownFileType = sourcecode.c.objc; path = SHOSnakePoint.m; sourceTree = "<group>"; };
		EFAC0C181C0F821100BFAF04 /* SHOSnakeBoardSize.h */ = {isa = PBXFileReference; fileEncoding = 4; lastKnownFileType = sourcecode.c.h; path = SHOSnakeBoardSize.h; sourceTree = "<group>"; };
		EFAC0C191C0F821100BFAF04 /* SHOSnakeBoardSize.m */ = {isa = PBXFileReference; fileEncoding = 4; lastKnownFileType = sourcecode.c.objc; path = SHOSnakeBoardSize.m; sourceTree = "<group>"; };
		EFAC0C2E1C1048E000BFAF04 /* 151201_SnakeTests.xctest */ = {isa = PBXFileReference; explicitFileType = wrapper.cfbundle; includeInIndex = 0; path = 151201_SnakeTests.xctest; sourceTree = BUILT_PRODUCTS_DIR; };
		EFAC0C311C1048E000BFAF04 /* Info.plist */ = {isa = PBXFileReference; lastKnownFileType = text.plist.xml; path = Info.plist; sourceTree = "<group>"; };
		EFAC0C321C1048E000BFAF04 /* _51201_SnakeTests.m */ = {isa = PBXFileReference; lastKnownFileType = sourcecode.c.objc; path = _51201_SnakeTests.m; sourceTree = "<group>"; };
/* End PBXFileReference section */

/* Begin PBXFrameworksBuildPhase section */
		EF984E3A1C0DB7C100C9B506 /* Frameworks */ = {
			isa = PBXFrameworksBuildPhase;
			buildActionMask = 2147483647;
			files = (
			);
			runOnlyForDeploymentPostprocessing = 0;
		};
		EFAC0C2B1C1048E000BFAF04 /* Frameworks */ = {
			isa = PBXFrameworksBuildPhase;
			buildActionMask = 2147483647;
			files = (
			);
			runOnlyForDeploymentPostprocessing = 0;
		};
/* End PBXFrameworksBuildPhase section */

/* Begin PBXGroup section */
		EF984E341C0DB7C100C9B506 = {
			isa = PBXGroup;
			children = (
				EF984E3F1C0DB7C100C9B506 /* 151201_Snake */,
				EFAC0C2E1C1048E000BFAF04 /* 151201_SnakeTests.xctest */,
				EFAC0C2F1C1048E000BFAF04 /* 151201_SnakeTests */,
			);
			sourceTree = "<group>";
		};
		EF984E3F1C0DB7C100C9B506 /* 151201_Snake */ = {
			isa = PBXGroup;
			children = (
				EF984E441C0DB7C200C9B506 /* SHOAppDelegate.h */,
				EF984E451C0DB7C200C9B506 /* SHOAppDelegate.m */,
				EFAC0C111C0DEC2A00BFAF04 /* SHOSnake.h */,
				EFAC0C121C0DEC2A00BFAF04 /* SHOSnake.m */,
				EFAC0C0E1C0DEC0800BFAF04 /* SHOSnakeView.h */,
				EFAC0C0F1C0DEC0800BFAF04 /* SHOSnakeView.m */,
				EFAC0C0B1C0DEB0100BFAF04 /* SHOViewController.h */,
				EFAC0C0C1C0DEB0100BFAF04 /* SHOViewController.m */,
				EFAC0C171C0F7EDD00BFAF04 /* DTO */,
				EF984E4D1C0DB7C200C9B506 /* Images.xcassets */,
				EF984E4F1C0DB7C200C9B506 /* LaunchScreen.xib */,
				EF984E401C0DB7C100C9B506 /* Supporting Files */,
			);
			path = 151201_Snake;
			sourceTree = "<group>";
		};
		EF984E401C0DB7C100C9B506 /* Supporting Files */ = {
			isa = PBXGroup;
			children = (
				EF984E411C0DB7C200C9B506 /* Info.plist */,
				EF984E421C0DB7C200C9B506 /* main.m */,
			);
			name = "Supporting Files";
			sourceTree = "<group>";
		};
		EFAC0C171C0F7EDD00BFAF04 /* DTO */ = {
			isa = PBXGroup;
			children = (
				EFAC0C141C0F785B00BFAF04 /* SHOSnakePoint.h */,
				EFAC0C151C0F785B00BFAF04 /* SHOSnakePoint.m */,
				EFAC0C181C0F821100BFAF04 /* SHOSnakeBoardSize.h */,
				EFAC0C191C0F821100BFAF04 /* SHOSnakeBoardSize.m */,
			);
			name = DTO;
			sourceTree = "<group>";
		};
		EFAC0C2F1C1048E000BFAF04 /* 151201_SnakeTests */ = {
			isa = PBXGroup;
			children = (
				EFAC0C321C1048E000BFAF04 /* _51201_SnakeTests.m */,
				EFAC0C301C1048E000BFAF04 /* Supporting Files */,
			);
			path = 151201_SnakeTests;
			sourceTree = "<group>";
		};
		EFAC0C301C1048E000BFAF04 /* Supporting Files */ = {
			isa = PBXGroup;
			children = (
				EFAC0C311C1048E000BFAF04 /* Info.plist */,
			);
			name = "Supporting Files";
			sourceTree = "<group>";
		};
/* End PBXGroup section */

/* Begin PBXNativeTarget section */
		EF984E3C1C0DB7C100C9B506 /* 151201_Snake */ = {
			isa = PBXNativeTarget;
			buildConfigurationList = EF984E601C0DB7C200C9B506 /* Build configuration list for PBXNativeTarget "151201_Snake" */;
			buildPhases = (
				EF984E391C0DB7C100C9B506 /* Sources */,
				EF984E3A1C0DB7C100C9B506 /* Frameworks */,
				EF984E3B1C0DB7C100C9B506 /* Resources */,
			);
			buildRules = (
			);
			dependencies = (
			);
			name = 151201_Snake;
			productName = 151201_Snake;
			productReference = EF984E3D1C0DB7C100C9B506 /* Snake.app */;
			productType = "com.apple.product-type.application";
		};
		EFAC0C2D1C1048E000BFAF04 /* 151201_SnakeTests */ = {
			isa = PBXNativeTarget;
			buildConfigurationList = EFAC0C361C1048E000BFAF04 /* Build configuration list for PBXNativeTarget "151201_SnakeTests" */;
			buildPhases = (
				EFAC0C2A1C1048E000BFAF04 /* Sources */,
				EFAC0C2B1C1048E000BFAF04 /* Frameworks */,
				EFAC0C2C1C1048E000BFAF04 /* Resources */,
			);
			buildRules = (
			);
			dependencies = (
				EFAC0C351C1048E000BFAF04 /* PBXTargetDependency */,
			);
			name = 151201_SnakeTests;
			productName = 151201_SnakeTests;
			productReference = EFAC0C2E1C1048E000BFAF04 /* 151201_SnakeTests.xctest */;
			productType = "com.apple.product-type.bundle.unit-test";
		};
/* End PBXNativeTarget section */

/* Begin PBXProject section */
		EF984E351C0DB7C100C9B506 /* Project object */ = {
			isa = PBXProject;
			attributes = {
				CLASSPREFIX = SHO;
				LastUpgradeCheck = 0630;
				ORGANIZATIONNAME = shoshino21;
				TargetAttributes = {
					EF984E3C1C0DB7C100C9B506 = {
						CreatedOnToolsVersion = 6.3.1;
					};
					EFAC0C2D1C1048E000BFAF04 = {
						CreatedOnToolsVersion = 6.3.1;
						TestTargetID = EF984E3C1C0DB7C100C9B506;
					};
				};
			};
			buildConfigurationList = EF984E381C0DB7C100C9B506 /* Build configuration list for PBXProject "151201_Snake" */;
			compatibilityVersion = "Xcode 3.2";
			developmentRegion = English;
			hasScannedForEncodings = 0;
			knownRegions = (
				en,
				Base,
			);
			mainGroup = EF984E341C0DB7C100C9B506;
			productRefGroup = EF984E341C0DB7C100C9B506;
			projectDirPath = "";
			projectRoot = "";
			targets = (
				EF984E3C1C0DB7C100C9B506 /* 151201_Snake */,
				EFAC0C2D1C1048E000BFAF04 /* 151201_SnakeTests */,
			);
		};
/* End PBXProject section */

/* Begin PBXResourcesBuildPhase section */
		EF984E3B1C0DB7C100C9B506 /* Resources */ = {
			isa = PBXResourcesBuildPhase;
			buildActionMask = 2147483647;
			files = (
				EF984E511C0DB7C200C9B506 /* LaunchScreen.xib in Resources */,
				EF984E4E1C0DB7C200C9B506 /* Images.xcassets in Resources */,
			);
			runOnlyForDeploymentPostprocessing = 0;
		};
		EFAC0C2C1C1048E000BFAF04 /* Resources */ = {
			isa = PBXResourcesBuildPhase;
			buildActionMask = 2147483647;
			files = (
			);
			runOnlyForDeploymentPostprocessing = 0;
		};
/* End PBXResourcesBuildPhase section */

/* Begin PBXSourcesBuildPhase section */
		EF984E391C0DB7C100C9B506 /* Sources */ = {
			isa = PBXSourcesBuildPhase;
			buildActionMask = 2147483647;
			files = (
				EFAC0C101C0DEC0800BFAF04 /* SHOSnakeView.m in Sources */,
				EFAC0C0D1C0DEB0100BFAF04 /* SHOViewController.m in Sources */,
				EFAC0C1A1C0F821100BFAF04 /* SHOSnakeBoardSize.m in Sources */,
				EFAC0C161C0F785B00BFAF04 /* SHOSnakePoint.m in Sources */,
				EF984E461C0DB7C200C9B506 /* SHOAppDelegate.m in Sources */,
				EF984E431C0DB7C200C9B506 /* main.m in Sources */,
				EFAC0C131C0DEC2A00BFAF04 /* SHOSnake.m in Sources */,
			);
			runOnlyForDeploymentPostprocessing = 0;
		};
		EFAC0C2A1C1048E000BFAF04 /* Sources */ = {
			isa = PBXSourcesBuildPhase;
			buildActionMask = 2147483647;
			files = (
				EFAC0C331C1048E000BFAF04 /* _51201_SnakeTests.m in Sources */,
			);
			runOnlyForDeploymentPostprocessing = 0;
		};
/* End PBXSourcesBuildPhase section */

/* Begin PBXTargetDependency section */
		EFAC0C351C1048E000BFAF04 /* PBXTargetDependency */ = {
			isa = PBXTargetDependency;
			target = EF984E3C1C0DB7C100C9B506 /* 151201_Snake */;
			targetProxy = EFAC0C341C1048E000BFAF04 /* PBXContainerItemProxy */;
		};
/* End PBXTargetDependency section */

/* Begin PBXVariantGroup section */
		EF984E4F1C0DB7C200C9B506 /* LaunchScreen.xib */ = {
			isa = PBXVariantGroup;
			children = (
				EF984E501C0DB7C200C9B506 /* Base */,
			);
			name = LaunchScreen.xib;
			sourceTree = "<group>";
		};
/* End PBXVariantGroup section */

/* Begin XCBuildConfiguration section */
		EF984E5E1C0DB7C200C9B506 /* Debug */ = {
			isa = XCBuildConfiguration;
			buildSettings = {
				ALWAYS_SEARCH_USER_PATHS = NO;
				CLANG_CXX_LANGUAGE_STANDARD = "gnu++0x";
				CLANG_CXX_LIBRARY = "libc++";
				CLANG_ENABLE_MODULES = YES;
				CLANG_ENABLE_OBJC_ARC = YES;
				CLANG_WARN_BOOL_CONVERSION = YES;
				CLANG_WARN_CONSTANT_CONVERSION = YES;
				CLANG_WARN_DIRECT_OBJC_ISA_USAGE = YES_ERROR;
				CLANG_WARN_EMPTY_BODY = YES;
				CLANG_WARN_ENUM_CONVERSION = YES;
				CLANG_WARN_INT_CONVERSION = YES;
				CLANG_WARN_OBJC_ROOT_CLASS = YES_ERROR;
				CLANG_WARN_UNREACHABLE_CODE = YES;
				CLANG_WARN__DUPLICATE_METHOD_MATCH = YES;
				"CODE_SIGN_IDENTITY[sdk=iphoneos*]" = "iPhone Developer";
				COPY_PHASE_STRIP = NO;
				DEBUG_INFORMATION_FORMAT = "dwarf-with-dsym";
				ENABLE_STRICT_OBJC_MSGSEND = YES;
				GCC_C_LANGUAGE_STANDARD = gnu99;
				GCC_DYNAMIC_NO_PIC = NO;
				GCC_NO_COMMON_BLOCKS = YES;
				GCC_OPTIMIZATION_LEVEL = 0;
				GCC_PREPROCESSOR_DEFINITIONS = (
					"DEBUG=1",
					"$(inherited)",
				);
				GCC_SYMBOLS_PRIVATE_EXTERN = NO;
				GCC_WARN_64_TO_32_BIT_CONVERSION = YES;
				GCC_WARN_ABOUT_RETURN_TYPE = YES_ERROR;
				GCC_WARN_UNDECLARED_SELECTOR = YES;
				GCC_WARN_UNINITIALIZED_AUTOS = YES_AGGRESSIVE;
				GCC_WARN_UNUSED_FUNCTION = YES;
				GCC_WARN_UNUSED_VARIABLE = YES;
				IPHONEOS_DEPLOYMENT_TARGET = 8.3;
				MTL_ENABLE_DEBUG_INFO = YES;
				ONLY_ACTIVE_ARCH = YES;
				SDKROOT = iphoneos;
			};
			name = Debug;
		};
		EF984E5F1C0DB7C200C9B506 /* Release */ = {
			isa = XCBuildConfiguration;
			buildSettings = {
				ALWAYS_SEARCH_USER_PATHS = NO;
				CLANG_CXX_LANGUAGE_STANDARD = "gnu++0x";
				CLANG_CXX_LIBRARY = "libc++";
				CLANG_ENABLE_MODULES = YES;
				CLANG_ENABLE_OBJC_ARC = YES;
				CLANG_WARN_BOOL_CONVERSION = YES;
				CLANG_WARN_CONSTANT_CONVERSION = YES;
				CLANG_WARN_DIRECT_OBJC_ISA_USAGE = YES_ERROR;
				CLANG_WARN_EMPTY_BODY = YES;
				CLANG_WARN_ENUM_CONVERSION = YES;
				CLANG_WARN_INT_CONVERSION = YES;
				CLANG_WARN_OBJC_ROOT_CLASS = YES_ERROR;
				CLANG_WARN_UNREACHABLE_CODE = YES;
				CLANG_WARN__DUPLICATE_METHOD_MATCH = YES;
				"CODE_SIGN_IDENTITY[sdk=iphoneos*]" = "iPhone Developer";
				COPY_PHASE_STRIP = NO;
				DEBUG_INFORMATION_FORMAT = "dwarf-with-dsym";
				ENABLE_NS_ASSERTIONS = NO;
				ENABLE_STRICT_OBJC_MSGSEND = YES;
				GCC_C_LANGUAGE_STANDARD = gnu99;
				GCC_NO_COMMON_BLOCKS = YES;
				GCC_WARN_64_TO_32_BIT_CONVERSION = YES;
				GCC_WARN_ABOUT_RETURN_TYPE = YES_ERROR;
				GCC_WARN_UNDECLARED_SELECTOR = YES;
				GCC_WARN_UNINITIALIZED_AUTOS = YES_AGGRESSIVE;
				GCC_WARN_UNUSED_FUNCTION = YES;
				GCC_WARN_UNUSED_VARIABLE = YES;
				IPHONEOS_DEPLOYMENT_TARGET = 8.3;
				MTL_ENABLE_DEBUG_INFO = NO;
				SDKROOT = iphoneos;
				VALIDATE_PRODUCT = YES;
			};
			name = Release;
		};
		EF984E611C0DB7C200C9B506 /* Debug */ = {
			isa = XCBuildConfiguration;
			buildSettings = {
				ASSETCATALOG_COMPILER_APPICON_NAME = AppIcon;
				INFOPLIST_FILE = 151201_Snake/Info.plist;
				IPHONEOS_DEPLOYMENT_TARGET = 7.0;
				LD_RUNPATH_SEARCH_PATHS = "$(inherited) @executable_path/Frameworks";
				PRODUCT_NAME = Snake;
			};
			name = Debug;
		};
		EF984E621C0DB7C200C9B506 /* Release */ = {
			isa = XCBuildConfiguration;
			buildSettings = {
				ASSETCATALOG_COMPILER_APPICON_NAME = AppIcon;
				INFOPLIST_FILE = 151201_Snake/Info.plist;
				IPHONEOS_DEPLOYMENT_TARGET = 7.0;
				LD_RUNPATH_SEARCH_PATHS = "$(inherited) @executable_path/Frameworks";
				PRODUCT_NAME = Snake;
			};
			name = Release;
		};
		EFAC0C371C1048E000BFAF04 /* Debug */ = {
			isa = XCBuildConfiguration;
			buildSettings = {
				BUNDLE_LOADER = "$(TEST_HOST)";
				FRAMEWORK_SEARCH_PATHS = (
					"$(SDKROOT)/Developer/Library/Frameworks",
					"$(inherited)",
				);
				GCC_PREPROCESSOR_DEFINITIONS = (
					"DEBUG=1",
					"$(inherited)",
				);
				INFOPLIST_FILE = 151201_SnakeTests/Info.plist;
				LD_RUNPATH_SEARCH_PATHS = "$(inherited) @executable_path/Frameworks @loader_path/Frameworks";
				PRODUCT_NAME = "$(TARGET_NAME)";
				TEST_HOST = "$(BUILT_PRODUCTS_DIR)/Snake.app/Snake";
			};
			name = Debug;
		};
		EFAC0C381C1048E000BFAF04 /* Release */ = {
			isa = XCBuildConfiguration;
			buildSettings = {
				BUNDLE_LOADER = "$(TEST_HOST)";
				FRAMEWORK_SEARCH_PATHS = (
					"$(SDKROOT)/Developer/Library/Frameworks",
					"$(inherited)",
				);
				INFOPLIST_FILE = 151201_SnakeTests/Info.plist;
				LD_RUNPATH_SEARCH_PATHS = "$(inherited) @executable_path/Frameworks @loader_path/Frameworks";
				PRODUCT_NAME = "$(TARGET_NAME)";
				TEST_HOST = "$(BUILT_PRODUCTS_DIR)/Snake.app/Snake";
			};
			name = Release;
		};
/* End XCBuildConfiguration section */

/* Begin XCConfigurationList section */
		EF984E381C0DB7C100C9B506 /* Build configuration list for PBXProject "151201_Snake" */ = {
			isa = XCConfigurationList;
			buildConfigurations = (
				EF984E5E1C0DB7C200C9B506 /* Debug */,
				EF984E5F1C0DB7C200C9B506 /* Release */,
			);
			defaultConfigurationIsVisible = 0;
			defaultConfigurationName = Release;
		};
		EF984E601C0DB7C200C9B506 /* Build configuration list for PBXNativeTarget "151201_Snake" */ = {
			isa = XCConfigurationList;
			buildConfigurations = (
				EF984E611C0DB7C200C9B506 /* Debug */,
				EF984E621C0DB7C200C9B506 /* Release */,
			);
			defaultConfigurationIsVisible = 0;
			defaultConfigurationName = Release;
		};
		EFAC0C361C1048E000BFAF04 /* Build configuration list for PBXNativeTarget "151201_SnakeTests" */ = {
			isa = XCConfigurationList;
			buildConfigurations = (
				EFAC0C371C1048E000BFAF04 /* Debug */,
				EFAC0C381C1048E000BFAF04 /* Release */,
			);
			defaultConfigurationIsVisible = 0;
		};
/* End XCConfigurationList section */
	};
	rootObject = EF984E351C0DB7C100C9B506 /* Project object */;
}
