// !$*UTF8*$!
{
	archiveVersion = 1;
	classes = {
	};
	objectVersion = 46;
	objects = {

/* Begin PBXBuildFile section */
		EF170E6E1BFB6CAB00306C90 /* main.m in Sources */ = {isa = PBXBuildFile; fileRef = EF170E6D1BFB6CAB00306C90 /* main.m */; };
		EF170E711BFB6CAB00306C90 /* AppDelegate.m in Sources */ = {isa = PBXBuildFile; fileRef = EF170E701BFB6CAB00306C90 /* AppDelegate.m */; };
		EF170E741BFB6CAB00306C90 /* ViewController.m in Sources */ = {isa = PBXBuildFile; fileRef = EF170E731BFB6CAB00306C90 /* ViewController.m */; };
		EF170E771BFB6CAB00306C90 /* Main.storyboard in Resources */ = {isa = PBXBuildFile; fileRef = EF170E751BFB6CAB00306C90 /* Main.storyboard */; };
		EF170E791BFB6CAB00306C90 /* Images.xcassets in Resources */ = {isa = PBXBuildFile; fileRef = EF170E781BFB6CAB00306C90 /* Images.xcassets */; };
		EF170E7C1BFB6CAB00306C90 /* LaunchScreen.xib in Resources */ = {isa = PBXBuildFile; fileRef = EF170E7A1BFB6CAB00306C90 /* LaunchScreen.xib */; };
		EF170E881BFB6CAB00306C90 /* _51117_MultiStoryboardTests.m in Sources */ = {isa = PBXBuildFile; fileRef = EF170E871BFB6CAB00306C90 /* _51117_MultiStoryboardTests.m */; };
		EF170E921BFB6DB000306C90 /* Sub.storyboard in Resources */ = {isa = PBXBuildFile; fileRef = EF170E911BFB6DB000306C90 /* Sub.storyboard */; };
/* End PBXBuildFile section */

/* Begin PBXContainerItemProxy section */
		EF170E821BFB6CAB00306C90 /* PBXContainerItemProxy */ = {
			isa = PBXContainerItemProxy;
			containerPortal = EF170E601BFB6CAB00306C90 /* Project object */;
			proxyType = 1;
			remoteGlobalIDString = EF170E671BFB6CAB00306C90;
			remoteInfo = 151117_MultiStoryboard;
		};
/* End PBXContainerItemProxy section */

/* Begin PBXFileReference section */
		EF170E681BFB6CAB00306C90 /* 151117_MultiStoryboard.app */ = {isa = PBXFileReference; explicitFileType = wrapper.application; includeInIndex = 0; path = 151117_MultiStoryboard.app; sourceTree = BUILT_PRODUCTS_DIR; };
		EF170E6C1BFB6CAB00306C90 /* Info.plist */ = {isa = PBXFileReference; lastKnownFileType = text.plist.xml; path = Info.plist; sourceTree = "<group>"; };
		EF170E6D1BFB6CAB00306C90 /* main.m */ = {isa = PBXFileReference; lastKnownFileType = sourcecode.c.objc; path = main.m; sourceTree = "<group>"; };
		EF170E6F1BFB6CAB00306C90 /* AppDelegate.h */ = {isa = PBXFileReference; lastKnownFileType = sourcecode.c.h; path = AppDelegate.h; sourceTree = "<group>"; };
		EF170E701BFB6CAB00306C90 /* AppDelegate.m */ = {isa = PBXFileReference; lastKnownFileType = sourcecode.c.objc; path = AppDelegate.m; sourceTree = "<group>"; };
		EF170E721BFB6CAB00306C90 /* ViewController.h */ = {isa = PBXFileReference; lastKnownFileType = sourcecode.c.h; path = ViewController.h; sourceTree = "<group>"; };
		EF170E731BFB6CAB00306C90 /* ViewController.m */ = {isa = PBXFileReference; lastKnownFileType = sourcecode.c.objc; path = ViewController.m; sourceTree = "<group>"; };
		EF170E761BFB6CAB00306C90 /* Base */ = {isa = PBXFileReference; lastKnownFileType = file.storyboard; name = Base; path = Base.lproj/Main.storyboard; sourceTree = "<group>"; };
		EF170E781BFB6CAB00306C90 /* Images.xcassets */ = {isa = PBXFileReference; lastKnownFileType = folder.assetcatalog; path = Images.xcassets; sourceTree = "<group>"; };
		EF170E7B1BFB6CAB00306C90 /* Base */ = {isa = PBXFileReference; lastKnownFileType = file.xib; name = Base; path = Base.lproj/LaunchScreen.xib; sourceTree = "<group>"; };
		EF170E811BFB6CAB00306C90 /* 151117_MultiStoryboardTests.xctest */ = {isa = PBXFileReference; explicitFileType = wrapper.cfbundle; includeInIndex = 0; path = 151117_MultiStoryboardTests.xctest; sourceTree = BUILT_PRODUCTS_DIR; };
		EF170E861BFB6CAB00306C90 /* Info.plist */ = {isa = PBXFileReference; lastKnownFileType = text.plist.xml; path = Info.plist; sourceTree = "<group>"; };
		EF170E871BFB6CAB00306C90 /* _51117_MultiStoryboardTests.m */ = {isa = PBXFileReference; lastKnownFileType = sourcecode.c.objc; path = _51117_MultiStoryboardTests.m; sourceTree = "<group>"; };
		EF170E911BFB6DB000306C90 /* Sub.storyboard */ = {isa = PBXFileReference; fileEncoding = 4; lastKnownFileType = file.storyboard; path = Sub.storyboard; sourceTree = "<group>"; };
/* End PBXFileReference section */

/* Begin PBXFrameworksBuildPhase section */
		EF170E651BFB6CAB00306C90 /* Frameworks */ = {
			isa = PBXFrameworksBuildPhase;
			buildActionMask = 2147483647;
			files = (
			);
			runOnlyForDeploymentPostprocessing = 0;
		};
		EF170E7E1BFB6CAB00306C90 /* Frameworks */ = {
			isa = PBXFrameworksBuildPhase;
			buildActionMask = 2147483647;
			files = (
			);
			runOnlyForDeploymentPostprocessing = 0;
		};
/* End PBXFrameworksBuildPhase section */

/* Begin PBXGroup section */
		EF170E5F1BFB6CAB00306C90 = {
			isa = PBXGroup;
			children = (
				EF170E6A1BFB6CAB00306C90 /* 151117_MultiStoryboard */,
				EF170E841BFB6CAB00306C90 /* 151117_MultiStoryboardTests */,
				EF170E691BFB6CAB00306C90 /* Products */,
			);
			sourceTree = "<group>";
		};
		EF170E691BFB6CAB00306C90 /* Products */ = {
			isa = PBXGroup;
			children = (
				EF170E681BFB6CAB00306C90 /* 151117_MultiStoryboard.app */,
				EF170E811BFB6CAB00306C90 /* 151117_MultiStoryboardTests.xctest */,
			);
			name = Products;
			sourceTree = "<group>";
		};
		EF170E6A1BFB6CAB00306C90 /* 151117_MultiStoryboard */ = {
			isa = PBXGroup;
			children = (
				EF170E6F1BFB6CAB00306C90 /* AppDelegate.h */,
				EF170E701BFB6CAB00306C90 /* AppDelegate.m */,
				EF170E721BFB6CAB00306C90 /* ViewController.h */,
				EF170E731BFB6CAB00306C90 /* ViewController.m */,
				EF170E751BFB6CAB00306C90 /* Main.storyboard */,
				EF170E911BFB6DB000306C90 /* Sub.storyboard */,
				EF170E781BFB6CAB00306C90 /* Images.xcassets */,
				EF170E7A1BFB6CAB00306C90 /* LaunchScreen.xib */,
				EF170E6B1BFB6CAB00306C90 /* Supporting Files */,
			);
			path = 151117_MultiStoryboard;
			sourceTree = "<group>";
		};
		EF170E6B1BFB6CAB00306C90 /* Supporting Files */ = {
			isa = PBXGroup;
			children = (
				EF170E6C1BFB6CAB00306C90 /* Info.plist */,
				EF170E6D1BFB6CAB00306C90 /* main.m */,
			);
			name = "Supporting Files";
			sourceTree = "<group>";
		};
		EF170E841BFB6CAB00306C90 /* 151117_MultiStoryboardTests */ = {
			isa = PBXGroup;
			children = (
				EF170E871BFB6CAB00306C90 /* _51117_MultiStoryboardTests.m */,
				EF170E851BFB6CAB00306C90 /* Supporting Files */,
			);
			path = 151117_MultiStoryboardTests;
			sourceTree = "<group>";
		};
		EF170E851BFB6CAB00306C90 /* Supporting Files */ = {
			isa = PBXGroup;
			children = (
				EF170E861BFB6CAB00306C90 /* Info.plist */,
			);
			name = "Supporting Files";
			sourceTree = "<group>";
		};
/* End PBXGroup section */

/* Begin PBXNativeTarget section */
		EF170E671BFB6CAB00306C90 /* 151117_MultiStoryboard */ = {
			isa = PBXNativeTarget;
			buildConfigurationList = EF170E8B1BFB6CAB00306C90 /* Build configuration list for PBXNativeTarget "151117_MultiStoryboard" */;
			buildPhases = (
				EF170E641BFB6CAB00306C90 /* Sources */,
				EF170E651BFB6CAB00306C90 /* Frameworks */,
				EF170E661BFB6CAB00306C90 /* Resources */,
			);
			buildRules = (
			);
			dependencies = (
			);
			name = 151117_MultiStoryboard;
			productName = 151117_MultiStoryboard;
			productReference = EF170E681BFB6CAB00306C90 /* 151117_MultiStoryboard.app */;
			productType = "com.apple.product-type.application";
		};
		EF170E801BFB6CAB00306C90 /* 151117_MultiStoryboardTests */ = {
			isa = PBXNativeTarget;
			buildConfigurationList = EF170E8E1BFB6CAB00306C90 /* Build configuration list for PBXNativeTarget "151117_MultiStoryboardTests" */;
			buildPhases = (
				EF170E7D1BFB6CAB00306C90 /* Sources */,
				EF170E7E1BFB6CAB00306C90 /* Frameworks */,
				EF170E7F1BFB6CAB00306C90 /* Resources */,
			);
			buildRules = (
			);
			dependencies = (
				EF170E831BFB6CAB00306C90 /* PBXTargetDependency */,
			);
			name = 151117_MultiStoryboardTests;
			productName = 151117_MultiStoryboardTests;
			productReference = EF170E811BFB6CAB00306C90 /* 151117_MultiStoryboardTests.xctest */;
			productType = "com.apple.product-type.bundle.unit-test";
		};
/* End PBXNativeTarget section */

/* Begin PBXProject section */
		EF170E601BFB6CAB00306C90 /* Project object */ = {
			isa = PBXProject;
			attributes = {
				LastUpgradeCheck = 0630;
				ORGANIZATIONNAME = shoshino21;
				TargetAttributes = {
					EF170E671BFB6CAB00306C90 = {
						CreatedOnToolsVersion = 6.3.1;
					};
					EF170E801BFB6CAB00306C90 = {
						CreatedOnToolsVersion = 6.3.1;
						TestTargetID = EF170E671BFB6CAB00306C90;
					};
				};
			};
			buildConfigurationList = EF170E631BFB6CAB00306C90 /* Build configuration list for PBXProject "151117_MultiStoryboard" */;
			compatibilityVersion = "Xcode 3.2";
			developmentRegion = English;
			hasScannedForEncodings = 0;
			knownRegions = (
				en,
				Base,
			);
			mainGroup = EF170E5F1BFB6CAB00306C90;
			productRefGroup = EF170E691BFB6CAB00306C90 /* Products */;
			projectDirPath = "";
			projectRoot = "";
			targets = (
				EF170E671BFB6CAB00306C90 /* 151117_MultiStoryboard */,
				EF170E801BFB6CAB00306C90 /* 151117_MultiStoryboardTests */,
			);
		};
/* End PBXProject section */

/* Begin PBXResourcesBuildPhase section */
		EF170E661BFB6CAB00306C90 /* Resources */ = {
			isa = PBXResourcesBuildPhase;
			buildActionMask = 2147483647;
			files = (
				EF170E771BFB6CAB00306C90 /* Main.storyboard in Resources */,
				EF170E7C1BFB6CAB00306C90 /* LaunchScreen.xib in Resources */,
				EF170E791BFB6CAB00306C90 /* Images.xcassets in Resources */,
				EF170E921BFB6DB000306C90 /* Sub.storyboard in Resources */,
			);
			runOnlyForDeploymentPostprocessing = 0;
		};
		EF170E7F1BFB6CAB00306C90 /* Resources */ = {
			isa = PBXResourcesBuildPhase;
			buildActionMask = 2147483647;
			files = (
			);
			runOnlyForDeploymentPostprocessing = 0;
		};
/* End PBXResourcesBuildPhase section */

/* Begin PBXSourcesBuildPhase section */
		EF170E641BFB6CAB00306C90 /* Sources */ = {
			isa = PBXSourcesBuildPhase;
			buildActionMask = 2147483647;
			files = (
				EF170E741BFB6CAB00306C90 /* ViewController.m in Sources */,
				EF170E711BFB6CAB00306C90 /* AppDelegate.m in Sources */,
				EF170E6E1BFB6CAB00306C90 /* main.m in Sources */,
			);
			runOnlyForDeploymentPostprocessing = 0;
		};
		EF170E7D1BFB6CAB00306C90 /* Sources */ = {
			isa = PBXSourcesBuildPhase;
			buildActionMask = 2147483647;
			files = (
				EF170E881BFB6CAB00306C90 /* _51117_MultiStoryboardTests.m in Sources */,
			);
			runOnlyForDeploymentPostprocessing = 0;
		};
/* End PBXSourcesBuildPhase section */

/* Begin PBXTargetDependency section */
		EF170E831BFB6CAB00306C90 /* PBXTargetDependency */ = {
			isa = PBXTargetDependency;
			target = EF170E671BFB6CAB00306C90 /* 151117_MultiStoryboard */;
			targetProxy = EF170E821BFB6CAB00306C90 /* PBXContainerItemProxy */;
		};
/* End PBXTargetDependency section */

/* Begin PBXVariantGroup section */
		EF170E751BFB6CAB00306C90 /* Main.storyboard */ = {
			isa = PBXVariantGroup;
			children = (
				EF170E761BFB6CAB00306C90 /* Base */,
			);
			name = Main.storyboard;
			sourceTree = "<group>";
		};
		EF170E7A1BFB6CAB00306C90 /* LaunchScreen.xib */ = {
			isa = PBXVariantGroup;
			children = (
				EF170E7B1BFB6CAB00306C90 /* Base */,
			);
			name = LaunchScreen.xib;
			sourceTree = "<group>";
		};
/* End PBXVariantGroup section */

/* Begin XCBuildConfiguration section */
		EF170E891BFB6CAB00306C90 /* Debug */ = {
			isa = XCBuildConfiguration;
			buildSettings = {
				ALWAYS_SEARCH_USER_PATHS = NO;
				CLANG_CXX_LANGUAGE_STANDARD = "gnu++0x";
				CLANG_CXX_LIBRARY = "libc++";
				CLANG_ENABLE_MODULES = YES;
				CLANG_ENABLE_OBJC_ARC = YES;
				CLANG_WARN_BOOL_CONVERSION = YES;
				CLANG_WARN_CONSTANT_CONVERSION = YES;
				CLANG_WARN_DIRECT_OBJC_ISA_USAGE = YES_ERROR;
				CLANG_WARN_EMPTY_BODY = YES;
				CLANG_WARN_ENUM_CONVERSION = YES;
				CLANG_WARN_INT_CONVERSION = YES;
				CLANG_WARN_OBJC_ROOT_CLASS = YES_ERROR;
				CLANG_WARN_UNREACHABLE_CODE = YES;
				CLANG_WARN__DUPLICATE_METHOD_MATCH = YES;
				"CODE_SIGN_IDENTITY[sdk=iphoneos*]" = "iPhone Developer";
				COPY_PHASE_STRIP = NO;
				DEBUG_INFORMATION_FORMAT = "dwarf-with-dsym";
				ENABLE_STRICT_OBJC_MSGSEND = YES;
				GCC_C_LANGUAGE_STANDARD = gnu99;
				GCC_DYNAMIC_NO_PIC = NO;
				GCC_NO_COMMON_BLOCKS = YES;
				GCC_OPTIMIZATION_LEVEL = 0;
				GCC_PREPROCESSOR_DEFINITIONS = (
					"DEBUG=1",
					"$(inherited)",
				);
				GCC_SYMBOLS_PRIVATE_EXTERN = NO;
				GCC_WARN_64_TO_32_BIT_CONVERSION = YES;
				GCC_WARN_ABOUT_RETURN_TYPE = YES_ERROR;
				GCC_WARN_UNDECLARED_SELECTOR = YES;
				GCC_WARN_UNINITIALIZED_AUTOS = YES_AGGRESSIVE;
				GCC_WARN_UNUSED_FUNCTION = YES;
				GCC_WARN_UNUSED_VARIABLE = YES;
				IPHONEOS_DEPLOYMENT_TARGET = 8.3;
				MTL_ENABLE_DEBUG_INFO = YES;
				ONLY_ACTIVE_ARCH = YES;
				SDKROOT = iphoneos;
			};
			name = Debug;
		};
		EF170E8A1BFB6CAB00306C90 /* Release */ = {
			isa = XCBuildConfiguration;
			buildSettings = {
				ALWAYS_SEARCH_USER_PATHS = NO;
				CLANG_CXX_LANGUAGE_STANDARD = "gnu++0x";
				CLANG_CXX_LIBRARY = "libc++";
				CLANG_ENABLE_MODULES = YES;
				CLANG_ENABLE_OBJC_ARC = YES;
				CLANG_WARN_BOOL_CONVERSION = YES;
				CLANG_WARN_CONSTANT_CONVERSION = YES;
				CLANG_WARN_DIRECT_OBJC_ISA_USAGE = YES_ERROR;
				CLANG_WARN_EMPTY_BODY = YES;
				CLANG_WARN_ENUM_CONVERSION = YES;
				CLANG_WARN_INT_CONVERSION = YES;
				CLANG_WARN_OBJC_ROOT_CLASS = YES_ERROR;
				CLANG_WARN_UNREACHABLE_CODE = YES;
				CLANG_WARN__DUPLICATE_METHOD_MATCH = YES;
				"CODE_SIGN_IDENTITY[sdk=iphoneos*]" = "iPhone Developer";
				COPY_PHASE_STRIP = NO;
				DEBUG_INFORMATION_FORMAT = "dwarf-with-dsym";
				ENABLE_NS_ASSERTIONS = NO;
				ENABLE_STRICT_OBJC_MSGSEND = YES;
				GCC_C_LANGUAGE_STANDARD = gnu99;
				GCC_NO_COMMON_BLOCKS = YES;
				GCC_WARN_64_TO_32_BIT_CONVERSION = YES;
				GCC_WARN_ABOUT_RETURN_TYPE = YES_ERROR;
				GCC_WARN_UNDECLARED_SELECTOR = YES;
				GCC_WARN_UNINITIALIZED_AUTOS = YES_AGGRESSIVE;
				GCC_WARN_UNUSED_FUNCTION = YES;
				GCC_WARN_UNUSED_VARIABLE = YES;
				IPHONEOS_DEPLOYMENT_TARGET = 8.3;
				MTL_ENABLE_DEBUG_INFO = NO;
				SDKROOT = iphoneos;
				VALIDATE_PRODUCT = YES;
			};
			name = Release;
		};
		EF170E8C1BFB6CAB00306C90 /* Debug */ = {
			isa = XCBuildConfiguration;
			buildSettings = {
				ASSETCATALOG_COMPILER_APPICON_NAME = AppIcon;
				INFOPLIST_FILE = 151117_MultiStoryboard/Info.plist;
				LD_RUNPATH_SEARCH_PATHS = "$(inherited) @executable_path/Frameworks";
				PRODUCT_NAME = "$(TARGET_NAME)";
			};
			name = Debug;
		};
		EF170E8D1BFB6CAB00306C90 /* Release */ = {
			isa = XCBuildConfiguration;
			buildSettings = {
				ASSETCATALOG_COMPILER_APPICON_NAME = AppIcon;
				INFOPLIST_FILE = 151117_MultiStoryboard/Info.plist;
				LD_RUNPATH_SEARCH_PATHS = "$(inherited) @executable_path/Frameworks";
				PRODUCT_NAME = "$(TARGET_NAME)";
			};
			name = Release;
		};
		EF170E8F1BFB6CAB00306C90 /* Debug */ = {
			isa = XCBuildConfiguration;
			buildSettings = {
				BUNDLE_LOADER = "$(TEST_HOST)";
				FRAMEWORK_SEARCH_PATHS = (
					"$(SDKROOT)/Developer/Library/Frameworks",
					"$(inherited)",
				);
				GCC_PREPROCESSOR_DEFINITIONS = (
					"DEBUG=1",
					"$(inherited)",
				);
				INFOPLIST_FILE = 151117_MultiStoryboardTests/Info.plist;
				LD_RUNPATH_SEARCH_PATHS = "$(inherited) @executable_path/Frameworks @loader_path/Frameworks";
				PRODUCT_NAME = "$(TARGET_NAME)";
				TEST_HOST = "$(BUILT_PRODUCTS_DIR)/151117_MultiStoryboard.app/151117_MultiStoryboard";
			};
			name = Debug;
		};
		EF170E901BFB6CAB00306C90 /* Release */ = {
			isa = XCBuildConfiguration;
			buildSettings = {
				BUNDLE_LOADER = "$(TEST_HOST)";
				FRAMEWORK_SEARCH_PATHS = (
					"$(SDKROOT)/Developer/Library/Frameworks",
					"$(inherited)",
				);
				INFOPLIST_FILE = 151117_MultiStoryboardTests/Info.plist;
				LD_RUNPATH_SEARCH_PATHS = "$(inherited) @executable_path/Frameworks @loader_path/Frameworks";
				PRODUCT_NAME = "$(TARGET_NAME)";
				TEST_HOST = "$(BUILT_PRODUCTS_DIR)/151117_MultiStoryboard.app/151117_MultiStoryboard";
			};
			name = Release;
		};
/* End XCBuildConfiguration section */

/* Begin XCConfigurationList section */
		EF170E631BFB6CAB00306C90 /* Build configuration list for PBXProject "151117_MultiStoryboard" */ = {
			isa = XCConfigurationList;
			buildConfigurations = (
				EF170E891BFB6CAB00306C90 /* Debug */,
				EF170E8A1BFB6CAB00306C90 /* Release */,
			);
			defaultConfigurationIsVisible = 0;
			defaultConfigurationName = Release;
		};
		EF170E8B1BFB6CAB00306C90 /* Build configuration list for PBXNativeTarget "151117_MultiStoryboard" */ = {
			isa = XCConfigurationList;
			buildConfigurations = (
				EF170E8C1BFB6CAB00306C90 /* Debug */,
				EF170E8D1BFB6CAB00306C90 /* Release */,
			);
			defaultConfigurationIsVisible = 0;
		};
		EF170E8E1BFB6CAB00306C90 /* Build configuration list for PBXNativeTarget "151117_MultiStoryboardTests" */ = {
			isa = XCConfigurationList;
			buildConfigurations = (
				EF170E8F1BFB6CAB00306C90 /* Debug */,
				EF170E901BFB6CAB00306C90 /* Release */,
			);
			defaultConfigurationIsVisible = 0;
		};
/* End XCConfigurationList section */
	};
	rootObject = EF170E601BFB6CAB00306C90 /* Project object */;
}
